{
  "name": "@piiano/vault-use-cases-examples",
  "version": "1.0.0",
  "lockfileVersion": 3,
  "requires": true,
  "packages": {
    "": {
      "name": "@piiano/vault-use-cases-examples",
      "version": "1.0.0",
      "license": "MIT",
      "dependencies": {
        "@piiano/vault-client": "^1.0.27",
        "typescript": "^4.9.5"
      }
    },
    "node_modules/@piiano/vault-client": {
      "version": "1.0.27",
      "resolved": "https://registry.npmjs.org/@piiano/vault-client/-/vault-client-1.0.27.tgz",
      "integrity": "sha512-xTnrBYq+5gDXSSTQ0sp4LzXrts/FLCQiLKIcAOhFMCQIuNi/zt8iv5haDpj2OKBdritQqMkFcbRcAVO6wIXn+g==",
      "engines": {
        "node": ">=18"
      }
    },
    "node_modules/typescript": {
      "version": "4.9.5",
      "resolved": "https://registry.npmjs.org/typescript/-/typescript-4.9.5.tgz",
      "integrity": "sha512-1FXk9E2Hm+QzZQ7z+McJiHL4NW1F2EzMu9Nq9i3zAaGqibafqYwCVU6WyWAuyQRRzOlxou8xZSyXLEN8oKj24g==",
      "bin": {
        "tsc": "bin/tsc",
        "tsserver": "bin/tsserver"
      },
      "engines": {
        "node": ">=4.2.0"
      }
    }
  }
}
